<Solution>
  <Folder Name="/src/" />
  <Folder Name="/src/AppHost/">
    <Project Path="src/AppHost/DotNetNuxt.StarterKit.AppHost.csproj" />
  </Folder>
  <Folder Name="/src/Application/">
    <Project Path="src/Application/DotNetNuxt.StarterKit.Application.csproj" />
  </Folder>
  <Folder Name="/src/BackEnd/">
    <Project Path="src/BackEnd/DotNetNuxt.StarterKit.BackEnd.csproj" />
  </Folder>
  <Folder Name="/src/Controllers/">
    <Project Path="src/Controllers/DotNetNuxt.StarterKit.Controllers.csproj" />
  </Folder>
  <Folder Name="/src/Data/" />
  <Folder Name="/src/Data/Postgres/">
    <Project Path="src/Data/Postgres/DotNetNuxt.StarterKit.Data.Postgres.csproj" />
  </Folder>
  <Folder Name="/src/Entities/">
    <Project Path="src/Entities/DotNetNuxt.StarterKit.Entities.csproj" />
  </Folder>
  <Folder Name="/tests/" />
  <Folder Name="/tests/Unit/">
    <Project Path="tests/Unit/DotNetNuxt.Tests.Unit.csproj" />
  </Folder>
  <Folder Name="/tools/" />
  <Folder Name="/tools/Postgres.MigrationsMain/">
    <Project Path="tools/Postgres.MigrationsMain/DotNetNuxt.StarterKit.Data.Postgres.MigrationsMain.csproj" />
  </Folder>
</Solution>
